github.com/cespare/go-smaz v0.0.0-20160209214831-96b046ea0de8 h1:fo3CLcqA6G3Gx7nda4k7X/al4iTnEyv72yz/5hyk38U=
github.com/cespare/go-smaz v0.0.0-20160209214831-96b046ea0de8/go.mod h1:U+NwOPtPcR3Vtre2vQprq+K0/O6IZOzsZO6puUxH65A=
github.com/drk1wi/Modlishka v0.0.0-20200628043644-00a2385a0952 h1:GkNjH4aPmVaYJnAe4trutydTvG2Bq4Oia7gcBMHfvpM=
github.com/drk1wi/Modlishka v0.0.0-20200628043644-00a2385a0952/go.mod h1:UtWFdADJXI0lS7+iinbeQ2O38eGMcyLrndW5NgQW/E8=
github.com/dsnet/compress v0.0.1 h1:PlZu0n3Tuv04TzpfPbrnI0HW/YwodEXDS+oPKahKF0Q=
github.com/dsnet/compress v0.0.1/go.mod h1:Aw8dCMJ7RioblQeTqt88akK31OvO8Dhf5JflhBbQEHo=
github.com/dsnet/golib v0.0.0-20171103203638-1ea166775780/go.mod h1:Lj+Z9rebOhdfkVLjJ8T6VcRQv3SXugXy999NBtR9aFY=
github.com/klauspost/compress v1.4.1/go.mod h1:RyIbtBH6LamlWaDj8nUwkbUhJ87Yi3uG0guNDohfE1A=
github.com/klauspost/cpuid v1.2.0/go.mod h1:Pj4uuM528wm8OyEC2QMXAi2YiTZ96dNQPGgoMS4s3ek=
github.com/manifoldco/go-base32 v1.0.4 h1:lnBhqi+F1C4+PETGMX4Lf4vvkFr4cejbYm3DVHiYzKU=
github.com/manifoldco/go-base32 v1.0.4/go.mod h1:GA524Bo+DrbSK/IJdfRINdQznHPQXwf0pDD3pkHJ6zo=
github.com/miekg/dns v1.1.42 h1:gWGe42RGaIqXQZ+r3WUGEKBEtvPHY2SXo4dqixDNxuY=
github.com/miekg/dns v1.1.42/go.mod h1:+evo5L0630/F6ca/Z9+GAqzhjGyn8/c+TBaOyfEl0V4=
github.com/tidwall/btree v0.4.2 h1:aLwwJlG+InuFzdAPuBf9YCAR1LvSQ9zhC5aorFPlIPs=
github.com/tidwall/btree v0.4.2/go.mod h1:huei1BkDWJ3/sLXmO+bsCNELL+Bp2Kks9OLyQFkzvA8=
github.com/tidwall/buntdb v1.2.3 h1:AoGVe4yrhKmnEPHrPrW5EUOATHOCIk4VtFvd8xn/ZtU=
github.com/tidwall/buntdb v1.2.3/go.mod h1:+i/gBwYOHWG19wLgwMXFLkl00twh9+VWkkaOhuNQ4PA=
github.com/tidwall/gjson v1.7.4 h1:19cchw8FOxkG5mdLRkGf9jqIqEyqdZhPqW60XfyFxk8=
github.com/tidwall/gjson v1.7.4/go.mod h1:5/xDoumyyDNerp2U36lyolv46b3uF/9Bu6OfyQ9GImk=
github.com/tidwall/grect v0.1.1 h1:+kMEkxhoqB7rniVXzMEIA66XwU07STgINqxh+qVIndY=
github.com/tidwall/grect v0.1.1/go.mod h1:CzvbGiFbWUwiJ1JohXLb28McpyBsI00TK9Y6pDWLGRQ=
github.com/tidwall/lotsa v1.0.2 h1:dNVBH5MErdaQ/xd9s769R31/n2dXavsQ0Yf4TMEHHw8=
github.com/tidwall/lotsa v1.0.2/go.mod h1:X6NiU+4yHA3fE3Puvpnn1XMDrFZrE9JO2/w+UMuqgR8=
github.com/tidwall/match v1.0.3 h1:FQUVvBImDutD8wJLN6c5eMzWtjgONK9MwIBCOrUJKeE=
github.com/tidwall/match v1.0.3/go.mod h1:eRSPERbgtNPcGhD8UCthc6PmLEQXEWd3PRB5JTxsfmM=
github.com/tidwall/pretty v1.1.0 h1:K3hMW5epkdAVwibsQEfR/7Zj0Qgt4DxtNumTq/VloO8=
github.com/tidwall/pretty v1.1.0/go.mod h1:XNkn88O1ChpSDQmQeStsy+sBenx6DDtFZJxhVysOjyk=
github.com/tidwall/rtred v0.1.2 h1:exmoQtOLvDoO8ud++6LwVsAMTu0KPzLTUrMln8u1yu8=
github.com/tidwall/rtred v0.1.2/go.mod h1:hd69WNXQ5RP9vHd7dqekAz+RIdtfBogmglkZSRxCHFQ=
github.com/tidwall/tinyqueue v0.1.1 h1:SpNEvEggbpyN5DIReaJ2/1ndroY8iyEGxPYxoSaymYE=
github.com/tidwall/tinyqueue v0.1.1/go.mod h1:O/QNHwrnjqr6IHItYrzoHAKYhBkLI67Q096fQP5zMYw=
github.com/ulikunitz/xz v0.5.6/go.mod h1:2bypXElzHzzJZwzH67Y6wb67pO62Rzfn7BSiF4ABRW8=
golang.org/x/net v0.0.0-20210226172049-e18ecbb05110/go.mod h1:m0MpNAwzfU5UDzcl9v0D8zg8gWTRqZa9RBIspLL5mdg=
golang.org/x/net v0.0.0-20210525063256-abc453219eb5 h1:wjuX4b5yYQnEQHzd+CBcrcC6OVR2J1CN6mUy0oSxIPo=
golang.org/x/net v0.0.0-20210525063256-abc453219eb5/go.mod h1:9nx3DQGgdP8bBQD5qxJ1jj9UTztislL4KSBs9R2vV5Y=
golang.org/x/sync v0.0.0-20210220032951-036812b2e83c h1:5KslGYwFpkhGh+Q16bwMP3cOontH8FOep7tGV86Y7SQ=
golang.org/x/sync v0.0.0-20210220032951-036812b2e83c/go.mod h1:RxMgew5VJxzue5/jJTE5uejpjVlOe/izrB70Jof72aM=
golang.org/x/sys v0.0.0-20201119102817-f84b799fce68/go.mod h1:h1NjWce9XRLGQEsW7wpKNCjG9DtNlClVuFLEZdDNbEs=
golang.org/x/sys v0.0.0-20210303074136-134d130e1a04/go.mod h1:h1NjWce9XRLGQEsW7wpKNCjG9DtNlClVuFLEZdDNbEs=
golang.org/x/sys v0.0.0-20210423082822-04245dca01da h1:b3NXsE2LusjYGGjL5bxEVZZORm/YEFFrWFjR8eFrw/c=
golang.org/x/sys v0.0.0-20210423082822-04245dca01da/go.mod h1:h1NjWce9XRLGQEsW7wpKNCjG9DtNlClVuFLEZdDNbEs=
golang.org/x/term v0.0.0-20201126162022-7de9c90e9dd1/go.mod h1:bj7SfCRtBDWHUb9snDiAeCFNEtKQo2Wmx5Cou7ajbmo=
golang.org/x/text v0.3.3/go.mod h1:5Zoc/QRtKVWzQhOtBMvqHzDpF6irO9z98xDceosuGiQ=
golang.org/x/text v0.3.6/go.mod h1:5Zoc/QRtKVWzQhOtBMvqHzDpF6irO9z98xDceosuGiQ=
golang.org/x/tools v0.0.0-20180917221912-90fa682c2a6e/go.mod h1:n7NCudcB/nEzxVGmLbDWY5pfWTLqBcC2KZ6jyYvM4mQ=
